
Microsoft Visual Studio Solution File, Format Version 12.00
# Visual Studio Version 16
VisualStudioVersion = 16.0.30114.105
MinimumVisualStudioVersion = 10.0.40219.1
Project("{9A19103F-16F7-4668-BE54-9A1E7A4F7556}") = "GerenciadorDeAniversariosV3", "GerenciadorDeAniversariosV3\GerenciadorDeAniversariosV3.csproj", "{670F8F75-9AA8-4DD0-B284-CB2A66712EE0}"
EndProject
Project("{9A19103F-16F7-4668-BE54-9A1E7A4F7556}") = "BibliotecaNegocio", "..\BibliotecaNegocios\BibliotecaNegocios\BibliotecaNegocio.csproj", "{CF31EEAC-2E01-4CF2-AE59-2238453A9F9F}"
EndProject
Project("{FAE04EC0-301F-11D3-BF4B-00C04F79EFBC}") = "BibliotecaRepositorio", "BibliotecaRepositorio\BibliotecaRepositorio.csproj", "{8B190444-26EF-499F-9B37-97E1341E3272}"
EndProject
Global
	GlobalSection(SolutionConfigurationPlatforms) = preSolution
		Debug|Any CPU = Debug|Any CPU
		Release|Any CPU = Release|Any CPU
	EndGlobalSection
	GlobalSection(ProjectConfigurationPlatforms) = postSolution
		{670F8F75-9AA8-4DD0-B284-CB2A66712EE0}.Debug|Any CPU.ActiveCfg = Debug|Any CPU
		{670F8F75-9AA8-4DD0-B284-CB2A66712EE0}.Debug|Any CPU.Build.0 = Debug|Any CPU
		{670F8F75-9AA8-4DD0-B284-CB2A66712EE0}.Release|Any CPU.ActiveCfg = Release|Any CPU
		{670F8F75-9AA8-4DD0-B284-CB2A66712EE0}.Release|Any CPU.Build.0 = Release|Any CPU
		{CF31EEAC-2E01-4CF2-AE59-2238453A9F9F}.Debug|Any CPU.ActiveCfg = Debug|Any CPU
		{CF31EEAC-2E01-4CF2-AE59-2238453A9F9F}.Debug|Any CPU.Build.0 = Debug|Any CPU
		{CF31EEAC-2E01-4CF2-AE59-2238453A9F9F}.Release|Any CPU.ActiveCfg = Release|Any CPU
		{CF31EEAC-2E01-4CF2-AE59-2238453A9F9F}.Release|Any CPU.Build.0 = Release|Any CPU
		{8B190444-26EF-499F-9B37-97E1341E3272}.Debug|Any CPU.ActiveCfg = Debug|Any CPU
		{8B190444-26EF-499F-9B37-97E1341E3272}.Debug|Any CPU.Build.0 = Debug|Any CPU
		{8B190444-26EF-499F-9B37-97E1341E3272}.Release|Any CPU.ActiveCfg = Release|Any CPU
		{8B190444-26EF-499F-9B37-97E1341E3272}.Release|Any CPU.Build.0 = Release|Any CPU
	EndGlobalSection
	GlobalSection(SolutionProperties) = preSolution
		HideSolutionNode = FALSE
	EndGlobalSection
	GlobalSection(ExtensibilityGlobals) = postSolution
		SolutionGuid = {BB267500-82B2-45CC-BC2D-7DDC9DE45156}
	EndGlobalSection
EndGlobal
